
Microsoft Visual Studio Solution File, Format Version 12.00
# Visual Studio 2012
Project("{FAE04EC0-301F-11D3-BF4B-00C04F79EFBC}") = "PokerChips.Core", "PokerChips.Core\PokerChips.Core.csproj", "{3D9CBA4D-B060-45E1-AE9D-890D2583AB8C}"
EndProject
Project("{FAE04EC0-301F-11D3-BF4B-00C04F79EFBC}") = "PokerChips.Touch", "PokerChips.Touch\PokerChips.Touch.csproj", "{B6FD91E6-A8A9-4036-8E3E-5C69A368F6E9}"
EndProject
Project("{FAE04EC0-301F-11D3-BF4B-00C04F79EFBC}") = "PokerChips.Droid", "PokerChips.Droid\PokerChips.Droid.csproj", "{BE5C2D71-0B34-4AD1-984F-04AB598E2A1D}"
EndProject
Global
	GlobalSection(SolutionConfigurationPlatforms) = preSolution
		Debug|Any CPU = Debug|Any CPU
		Release|Any CPU = Release|Any CPU
		Debug|iPhoneSimulator = Debug|iPhoneSimulator
		Release|iPhone = Release|iPhone
		Release|iPhoneSimulator = Release|iPhoneSimulator
		Debug|iPhone = Debug|iPhone
	EndGlobalSection
	GlobalSection(ProjectConfigurationPlatforms) = postSolution
		{3D9CBA4D-B060-45E1-AE9D-890D2583AB8C}.Debug|Any CPU.ActiveCfg = Debug|Any CPU
		{3D9CBA4D-B060-45E1-AE9D-890D2583AB8C}.Debug|Any CPU.Build.0 = Debug|Any CPU
		{3D9CBA4D-B060-45E1-AE9D-890D2583AB8C}.Release|Any CPU.ActiveCfg = Release|Any CPU
		{3D9CBA4D-B060-45E1-AE9D-890D2583AB8C}.Release|Any CPU.Build.0 = Release|Any CPU
		{3D9CBA4D-B060-45E1-AE9D-890D2583AB8C}.Debug|iPhoneSimulator.ActiveCfg = Debug|Any CPU
		{3D9CBA4D-B060-45E1-AE9D-890D2583AB8C}.Debug|iPhoneSimulator.Build.0 = Debug|Any CPU
		{3D9CBA4D-B060-45E1-AE9D-890D2583AB8C}.Release|iPhone.ActiveCfg = Release|Any CPU
		{3D9CBA4D-B060-45E1-AE9D-890D2583AB8C}.Release|iPhone.Build.0 = Release|Any CPU
		{3D9CBA4D-B060-45E1-AE9D-890D2583AB8C}.Release|iPhoneSimulator.ActiveCfg = Release|Any CPU
		{3D9CBA4D-B060-45E1-AE9D-890D2583AB8C}.Release|iPhoneSimulator.Build.0 = Release|Any CPU
		{3D9CBA4D-B060-45E1-AE9D-890D2583AB8C}.Debug|iPhone.ActiveCfg = Debug|Any CPU
		{3D9CBA4D-B060-45E1-AE9D-890D2583AB8C}.Debug|iPhone.Build.0 = Debug|Any CPU
		{B6FD91E6-A8A9-4036-8E3E-5C69A368F6E9}.Debug|Any CPU.ActiveCfg = Debug|iPhoneSimulator
		{B6FD91E6-A8A9-4036-8E3E-5C69A368F6E9}.Debug|Any CPU.Build.0 = Debug|iPhoneSimulator
		{B6FD91E6-A8A9-4036-8E3E-5C69A368F6E9}.Release|Any CPU.ActiveCfg = Release|iPhone
		{B6FD91E6-A8A9-4036-8E3E-5C69A368F6E9}.Release|Any CPU.Build.0 = Release|iPhone
		{B6FD91E6-A8A9-4036-8E3E-5C69A368F6E9}.Debug|iPhoneSimulator.ActiveCfg = Debug|iPhoneSimulator
		{B6FD91E6-A8A9-4036-8E3E-5C69A368F6E9}.Debug|iPhoneSimulator.Build.0 = Debug|iPhoneSimulator
		{B6FD91E6-A8A9-4036-8E3E-5C69A368F6E9}.Release|iPhone.ActiveCfg = Release|iPhone
		{B6FD91E6-A8A9-4036-8E3E-5C69A368F6E9}.Release|iPhone.Build.0 = Release|iPhone
		{B6FD91E6-A8A9-4036-8E3E-5C69A368F6E9}.Release|iPhoneSimulator.ActiveCfg = Release|iPhoneSimulator
		{B6FD91E6-A8A9-4036-8E3E-5C69A368F6E9}.Release|iPhoneSimulator.Build.0 = Release|iPhoneSimulator
		{B6FD91E6-A8A9-4036-8E3E-5C69A368F6E9}.Debug|iPhone.ActiveCfg = Debug|iPhone
		{B6FD91E6-A8A9-4036-8E3E-5C69A368F6E9}.Debug|iPhone.Build.0 = Debug|iPhone
		{BE5C2D71-0B34-4AD1-984F-04AB598E2A1D}.Debug|Any CPU.ActiveCfg = Debug|Any CPU
		{BE5C2D71-0B34-4AD1-984F-04AB598E2A1D}.Debug|Any CPU.Build.0 = Debug|Any CPU
		{BE5C2D71-0B34-4AD1-984F-04AB598E2A1D}.Release|Any CPU.ActiveCfg = Release|Any CPU
		{BE5C2D71-0B34-4AD1-984F-04AB598E2A1D}.Release|Any CPU.Build.0 = Release|Any CPU
		{BE5C2D71-0B34-4AD1-984F-04AB598E2A1D}.Debug|iPhoneSimulator.ActiveCfg = Debug|Any CPU
		{BE5C2D71-0B34-4AD1-984F-04AB598E2A1D}.Debug|iPhoneSimulator.Build.0 = Debug|Any CPU
		{BE5C2D71-0B34-4AD1-984F-04AB598E2A1D}.Release|iPhone.ActiveCfg = Release|Any CPU
		{BE5C2D71-0B34-4AD1-984F-04AB598E2A1D}.Release|iPhone.Build.0 = Release|Any CPU
		{BE5C2D71-0B34-4AD1-984F-04AB598E2A1D}.Release|iPhoneSimulator.ActiveCfg = Release|Any CPU
		{BE5C2D71-0B34-4AD1-984F-04AB598E2A1D}.Release|iPhoneSimulator.Build.0 = Release|Any CPU
		{BE5C2D71-0B34-4AD1-984F-04AB598E2A1D}.Debug|iPhone.ActiveCfg = Debug|Any CPU
		{BE5C2D71-0B34-4AD1-984F-04AB598E2A1D}.Debug|iPhone.Build.0 = Debug|Any CPU
	EndGlobalSection
EndGlobal
